
Microsoft Visual Studio Solution File, Format Version 12.00
# Visual Studio Version 17
VisualStudioVersion = 17.0.31903.59
MinimumVisualStudioVersion = 10.0.40219.1
Project("{FAE04EC0-301F-11D3-BF4B-00C04F79EFBC}") = "GameBackend.Domain", "GameBackend.Domain\GameBackend.Domain.csproj", "{3C6C3383-1335-49A5-8CCE-0BECE6F90368}"
EndProject
Project("{FAE04EC0-301F-11D3-BF4B-00C04F79EFBC}") = "GameBackend.Application", "GameBackend.Application\GameBackend.Application.csproj", "{1152FE88-83FD-4A29-9A3A-43FBC85DFB7B}"
EndProject
Project("{FAE04EC0-301F-11D3-BF4B-00C04F79EFBC}") = "GameBackend.Infrastructure", "GameBackend.Infrastructure\GameBackend.Infrastructure.csproj", "{A1B2C3D4-5678-9ABC-DEF0-123456789ABC}"
EndProject
Project("{FAE04EC0-301F-11D3-BF4B-00C04F79EFBC}") = "GameBackend.Presentation", "GameBackend.Presentation\GameBackend.Presentation.csproj", "{1B70DEC5-40F3-48A8-9870-4A7981DFE48F}"
EndProject
Global
	GlobalSection(SolutionConfigurationPlatforms) = preSolution
		Debug|Any CPU = Debug|Any CPU
		Release|Any CPU = Release|Any CPU
	EndGlobalSection
	GlobalSection(ProjectConfigurationPlatforms) = postSolution
		{3C6C3383-1335-49A5-8CCE-0BECE6F90368}.Debug|Any CPU.ActiveCfg = Debug|Any CPU
		{3C6C3383-1335-49A5-8CCE-0BECE6F90368}.Debug|Any CPU.Build.0 = Debug|Any CPU
		{3C6C3383-1335-49A5-8CCE-0BECE6F90368}.Release|Any CPU.ActiveCfg = Release|Any CPU
		{3C6C3383-1335-49A5-8CCE-0BECE6F90368}.Release|Any CPU.Build.0 = Release|Any CPU
		{1152FE88-83FD-4A29-9A3A-43FBC85DFB7B}.Debug|Any CPU.ActiveCfg = Debug|Any CPU
		{1152FE88-83FD-4A29-9A3A-43FBC85DFB7B}.Debug|Any CPU.Build.0 = Debug|Any CPU
		{1152FE88-83FD-4A29-9A3A-43FBC85DFB7B}.Release|Any CPU.ActiveCfg = Release|Any CPU
		{1152FE88-83FD-4A29-9A3A-43FBC85DFB7B}.Release|Any CPU.Build.0 = Release|Any CPU
		{A1B2C3D4-5678-9ABC-DEF0-123456789ABC}.Debug|Any CPU.ActiveCfg = Debug|Any CPU
		{A1B2C3D4-5678-9ABC-DEF0-123456789ABC}.Debug|Any CPU.Build.0 = Debug|Any CPU
		{A1B2C3D4-5678-9ABC-DEF0-123456789ABC}.Release|Any CPU.ActiveCfg = Release|Any CPU
		{A1B2C3D4-5678-9ABC-DEF0-123456789ABC}.Release|Any CPU.Build.0 = Release|Any CPU
		{1B70DEC5-40F3-48A8-9870-4A7981DFE48F}.Debug|Any CPU.ActiveCfg = Debug|Any CPU
		{1B70DEC5-40F3-48A8-9870-4A7981DFE48F}.Debug|Any CPU.Build.0 = Debug|Any CPU
		{1B70DEC5-40F3-48A8-9870-4A7981DFE48F}.Release|Any CPU.ActiveCfg = Release|Any CPU
		{1B70DEC5-40F3-48A8-9870-4A7981DFE48F}.Release|Any CPU.Build.0 = Release|Any CPU
	EndGlobalSection
EndGlobal
